
Microsoft Visual Studio Solution File, Format Version 12.00
# Visual Studio Version 17
VisualStudioVersion = 17.2.32505.173
MinimumVisualStudioVersion = 10.0.40219.1
Project("{2150E333-8FDC-42A3-9474-1A3956D46DE8}") = "src", "src", "{E317D1A9-7E38-4C8C-99B5-C791E5CE4A6D}"
EndProject
Project("{2150E333-8FDC-42A3-9474-1A3956D46DE8}") = "test", "test", "{EB7586D2-D57F-43A4-A540-5AC4D6E80F5D}"
EndProject
Project("{2150E333-8FDC-42A3-9474-1A3956D46DE8}") = "Core", "Core", "{F39C2249-60C7-4A71-9592-2825524794D7}"
EndProject
Project("{2150E333-8FDC-42A3-9474-1A3956D46DE8}") = "Infrastructure", "Infrastructure", "{FCD65791-4909-4A4F-B2ED-882106C55AED}"
EndProject
Project("{2150E333-8FDC-42A3-9474-1A3956D46DE8}") = "API", "API", "{81E91A09-249E-45B2-AF44-E137A03738C9}"
EndProject
Project("{2150E333-8FDC-42A3-9474-1A3956D46DE8}") = "UI", "UI", "{BE53C110-80ED-4D9F-8068-21C97AF4A801}"
EndProject
Project("{9A19103F-16F7-4668-BE54-9A1E7A4F7556}") = "BH.Assessment.Domain", "BH.Assessment.Domain\BH.Assessment.Domain.csproj", "{9413EEA5-7892-48F9-8AAF-9C72360D556C}"
EndProject
Project("{9A19103F-16F7-4668-BE54-9A1E7A4F7556}") = "BH.Assessment.Application", "BH.Assessment.Application\BH.Assessment.Application.csproj", "{C8B27FFC-E798-4F42-AEDC-2C9016C5075E}"
EndProject
Project("{9A19103F-16F7-4668-BE54-9A1E7A4F7556}") = "BH.Assessment.Persistence", "BH.Assessment.Persistence\BH.Assessment.Persistence.csproj", "{0196C531-C8E3-426E-8577-ECE68D211D09}"
EndProject
Project("{9A19103F-16F7-4668-BE54-9A1E7A4F7556}") = "BH.Assessment.Api", "BH.Assessment.Api\BH.Assessment.Api.csproj", "{C4685F5F-E8A0-480F-9946-F76C036ACF0A}"
EndProject
Project("{FAE04EC0-301F-11D3-BF4B-00C04F79EFBC}") = "BH.Assessment.Application.UnitTests", "BH.Assessment.Application.UnitTests\BH.Assessment.Application.UnitTests.csproj", "{7DAD25A7-F7D4-49CB-8B33-D79B78686644}"
EndProject
Global
	GlobalSection(SolutionConfigurationPlatforms) = preSolution
		Debug|Any CPU = Debug|Any CPU
		Release|Any CPU = Release|Any CPU
	EndGlobalSection
	GlobalSection(ProjectConfigurationPlatforms) = postSolution
		{9413EEA5-7892-48F9-8AAF-9C72360D556C}.Debug|Any CPU.ActiveCfg = Debug|Any CPU
		{9413EEA5-7892-48F9-8AAF-9C72360D556C}.Debug|Any CPU.Build.0 = Debug|Any CPU
		{9413EEA5-7892-48F9-8AAF-9C72360D556C}.Release|Any CPU.ActiveCfg = Release|Any CPU
		{9413EEA5-7892-48F9-8AAF-9C72360D556C}.Release|Any CPU.Build.0 = Release|Any CPU
		{C8B27FFC-E798-4F42-AEDC-2C9016C5075E}.Debug|Any CPU.ActiveCfg = Debug|Any CPU
		{C8B27FFC-E798-4F42-AEDC-2C9016C5075E}.Debug|Any CPU.Build.0 = Debug|Any CPU
		{C8B27FFC-E798-4F42-AEDC-2C9016C5075E}.Release|Any CPU.ActiveCfg = Release|Any CPU
		{C8B27FFC-E798-4F42-AEDC-2C9016C5075E}.Release|Any CPU.Build.0 = Release|Any CPU
		{0196C531-C8E3-426E-8577-ECE68D211D09}.Debug|Any CPU.ActiveCfg = Debug|Any CPU
		{0196C531-C8E3-426E-8577-ECE68D211D09}.Debug|Any CPU.Build.0 = Debug|Any CPU
		{0196C531-C8E3-426E-8577-ECE68D211D09}.Release|Any CPU.ActiveCfg = Release|Any CPU
		{0196C531-C8E3-426E-8577-ECE68D211D09}.Release|Any CPU.Build.0 = Release|Any CPU
		{C4685F5F-E8A0-480F-9946-F76C036ACF0A}.Debug|Any CPU.ActiveCfg = Debug|Any CPU
		{C4685F5F-E8A0-480F-9946-F76C036ACF0A}.Debug|Any CPU.Build.0 = Debug|Any CPU
		{C4685F5F-E8A0-480F-9946-F76C036ACF0A}.Release|Any CPU.ActiveCfg = Release|Any CPU
		{C4685F5F-E8A0-480F-9946-F76C036ACF0A}.Release|Any CPU.Build.0 = Release|Any CPU
		{7DAD25A7-F7D4-49CB-8B33-D79B78686644}.Debug|Any CPU.ActiveCfg = Debug|Any CPU
		{7DAD25A7-F7D4-49CB-8B33-D79B78686644}.Debug|Any CPU.Build.0 = Debug|Any CPU
		{7DAD25A7-F7D4-49CB-8B33-D79B78686644}.Release|Any CPU.ActiveCfg = Release|Any CPU
		{7DAD25A7-F7D4-49CB-8B33-D79B78686644}.Release|Any CPU.Build.0 = Release|Any CPU
	EndGlobalSection
	GlobalSection(SolutionProperties) = preSolution
		HideSolutionNode = FALSE
	EndGlobalSection
	GlobalSection(NestedProjects) = preSolution
		{F39C2249-60C7-4A71-9592-2825524794D7} = {E317D1A9-7E38-4C8C-99B5-C791E5CE4A6D}
		{FCD65791-4909-4A4F-B2ED-882106C55AED} = {E317D1A9-7E38-4C8C-99B5-C791E5CE4A6D}
		{81E91A09-249E-45B2-AF44-E137A03738C9} = {E317D1A9-7E38-4C8C-99B5-C791E5CE4A6D}
		{BE53C110-80ED-4D9F-8068-21C97AF4A801} = {E317D1A9-7E38-4C8C-99B5-C791E5CE4A6D}
		{9413EEA5-7892-48F9-8AAF-9C72360D556C} = {F39C2249-60C7-4A71-9592-2825524794D7}
		{C8B27FFC-E798-4F42-AEDC-2C9016C5075E} = {F39C2249-60C7-4A71-9592-2825524794D7}
		{0196C531-C8E3-426E-8577-ECE68D211D09} = {FCD65791-4909-4A4F-B2ED-882106C55AED}
		{C4685F5F-E8A0-480F-9946-F76C036ACF0A} = {81E91A09-249E-45B2-AF44-E137A03738C9}
		{7DAD25A7-F7D4-49CB-8B33-D79B78686644} = {EB7586D2-D57F-43A4-A540-5AC4D6E80F5D}
	EndGlobalSection
	GlobalSection(ExtensibilityGlobals) = postSolution
		SolutionGuid = {66B1D5C2-A34B-46F2-8BA9-51002AF71CEE}
	EndGlobalSection
EndGlobal
